
Microsoft Visual Studio Solution File, Format Version 12.00
# Visual Studio Version 17
VisualStudioVersion = 17.7.34031.279
MinimumVisualStudioVersion = 10.0.40219.1
Project("{FAE04EC0-301F-11D3-BF4B-00C04F79EFBC}") = "Homework_01.1", "Homework_01.1\Homework_01.1.csproj", "{13FC5334-0732-4BA8-B7BC-1566D8CD727A}"
EndProject
Project("{FAE04EC0-301F-11D3-BF4B-00C04F79EFBC}") = "Homework_01.2", "Homework_01.2\Homework_01.2.csproj", "{BE9FFF02-4D91-4003-ACA2-28A3600FC35C}"
EndProject
Project("{FAE04EC0-301F-11D3-BF4B-00C04F79EFBC}") = "Homework_01.3", "Homework_01.3\Homework_01.3.csproj", "{EC9C4BF7-BB78-4E21-8A10-DB39CFF52470}"
EndProject
Project("{FAE04EC0-301F-11D3-BF4B-00C04F79EFBC}") = "Homework_02", "Homework_02\Homework_02.csproj", "{C8FEEA47-5014-430F-864E-DBDD008DE8CF}"
EndProject
Project("{FAE04EC0-301F-11D3-BF4B-00C04F79EFBC}") = "Homework_03.1", "Homework_03.1\Homework_03.1.csproj", "{A9C60B4A-7DAF-46C9-B269-68FE17176832}"
EndProject
Project("{FAE04EC0-301F-11D3-BF4B-00C04F79EFBC}") = "Homework_03.2", "Homework_03.2\Homework_03.2.csproj", "{82EA8EF2-8719-45BB-BAF6-36603A07E0C6}"
EndProject
Project("{FAE04EC0-301F-11D3-BF4B-00C04F79EFBC}") = "Homework_03.3", "Homework_03.3\Homework_03.3.csproj", "{F7D41CB5-F9DE-4355-807C-295759398C17}"
EndProject
Project("{FAE04EC0-301F-11D3-BF4B-00C04F79EFBC}") = "Homework_04.1", "Homework_04.1\Homework_04.1.csproj", "{D4DF1511-E954-4389-A8E5-079D37A02361}"
EndProject
Project("{FAE04EC0-301F-11D3-BF4B-00C04F79EFBC}") = "Homework_04.2", "Homework_04.2\Homework_04.2.csproj", "{86F0A4AE-1933-4832-94FF-F0F6C2A82B61}"
EndProject
Project("{FAE04EC0-301F-11D3-BF4B-00C04F79EFBC}") = "Homework_04.3", "Homework_04.3\Homework_04.3.csproj", "{DE3114E7-7848-4940-95FA-4B9BD8432898}"
EndProject
Project("{FAE04EC0-301F-11D3-BF4B-00C04F79EFBC}") = "Homework_05.1", "Homework_05.1\Homework_05.1.csproj", "{CA56658A-CDC1-4964-A35D-CAC54F16D2F4}"
EndProject
Project("{FAE04EC0-301F-11D3-BF4B-00C04F79EFBC}") = "Homework_05.2", "Homework_05.2\Homework_05.2.csproj", "{F293EBBC-6951-430A-BFB9-31DFFA715B02}"
EndProject
Project("{FAE04EC0-301F-11D3-BF4B-00C04F79EFBC}") = "Homework_06", "Homework_06\Homework_06.csproj", "{E8FC7B06-9F00-4CAB-95C7-20C9382BDEB6}"
EndProject
Project("{9A19103F-16F7-4668-BE54-9A1E7A4F7556}") = "Homework_01(New)", "Homework_01(New)\Homework_01(New).csproj", "{85B77D41-1460-4E93-9B0C-D6E0BE3BEEA7}"
EndProject
Project("{9A19103F-16F7-4668-BE54-9A1E7A4F7556}") = "Homework_03.1(New)", "Homework_03.1(New)\Homework_03.1(New).csproj", "{8BCEBFB4-08B0-4947-A1A5-42F948016024}"
EndProject
Project("{9A19103F-16F7-4668-BE54-9A1E7A4F7556}") = "Homework_03.2(New)", "Homework_03.2(New)\Homework_03.2(New).csproj", "{4E1ACFB9-A2F9-42C3-80DD-C01B00EC6CAC}"
EndProject
Project("{9A19103F-16F7-4668-BE54-9A1E7A4F7556}") = "Homework_03.3(New)", "Homework_03.3(New)\Homework_03.3(New).csproj", "{4C4A4C27-503B-4B7C-906B-2260BC5212E2}"
EndProject
Project("{9A19103F-16F7-4668-BE54-9A1E7A4F7556}") = "Homework_03.4(New)", "Homework_03.4(New)\Homework_03.4(New).csproj", "{5234AF5A-750A-4BD4-98E5-457F6897F369}"
EndProject
Project("{9A19103F-16F7-4668-BE54-9A1E7A4F7556}") = "Homework_03.5(New)", "Homework_03.5(New)\Homework_03.5(New).csproj", "{3C8514DF-A62A-40CC-809F-AAB7F07963E0}"
EndProject
Project("{9A19103F-16F7-4668-BE54-9A1E7A4F7556}") = "Homework_04.2(New)", "Homework_04.2(New)\Homework_04.2(New).csproj", "{112B518A-576F-49EA-8DB0-CC4190E107AA}"
EndProject
Project("{9A19103F-16F7-4668-BE54-9A1E7A4F7556}") = "Homework_07", "Homework_07\Homework_07.csproj", "{AFCC2A78-54CC-4CED-BF0F-5DB4FDFF1EEB}"
EndProject
Project("{9A19103F-16F7-4668-BE54-9A1E7A4F7556}") = "Homework_08", "Homework_08\Homework_08.csproj", "{31A2EA80-9433-4542-9310-99AEE38D85BE}"
EndProject
Project("{FAE04EC0-301F-11D3-BF4B-00C04F79EFBC}") = "Homework_09(WPF)", "Homework_09(WPF)\Homework_09(WPF).csproj", "{F37DACA1-7EB1-4A2D-ACB5-1636B5994AF4}"
EndProject
Project("{FAE04EC0-301F-11D3-BF4B-00C04F79EFBC}") = "Homework_10", "Homework_10\Homework_10.csproj", "{9E667A0B-1690-4742-B26C-2EE2B00D6F2D}"
EndProject
Project("{FAE04EC0-301F-11D3-BF4B-00C04F79EFBC}") = "Homework_10(WPF)", "Homework_10(WPF)\Homework_10(WPF).csproj", "{6C09E41C-28E4-4859-9CAB-7D2C96453BFC}"
EndProject
Global
	GlobalSection(SolutionConfigurationPlatforms) = preSolution
		Debug|Any CPU = Debug|Any CPU
		Release|Any CPU = Release|Any CPU
	EndGlobalSection
	GlobalSection(ProjectConfigurationPlatforms) = postSolution
		{13FC5334-0732-4BA8-B7BC-1566D8CD727A}.Debug|Any CPU.ActiveCfg = Debug|Any CPU
		{13FC5334-0732-4BA8-B7BC-1566D8CD727A}.Debug|Any CPU.Build.0 = Debug|Any CPU
		{13FC5334-0732-4BA8-B7BC-1566D8CD727A}.Release|Any CPU.ActiveCfg = Release|Any CPU
		{13FC5334-0732-4BA8-B7BC-1566D8CD727A}.Release|Any CPU.Build.0 = Release|Any CPU
		{BE9FFF02-4D91-4003-ACA2-28A3600FC35C}.Debug|Any CPU.ActiveCfg = Debug|Any CPU
		{BE9FFF02-4D91-4003-ACA2-28A3600FC35C}.Debug|Any CPU.Build.0 = Debug|Any CPU
		{BE9FFF02-4D91-4003-ACA2-28A3600FC35C}.Release|Any CPU.ActiveCfg = Release|Any CPU
		{BE9FFF02-4D91-4003-ACA2-28A3600FC35C}.Release|Any CPU.Build.0 = Release|Any CPU
		{EC9C4BF7-BB78-4E21-8A10-DB39CFF52470}.Debug|Any CPU.ActiveCfg = Debug|Any CPU
		{EC9C4BF7-BB78-4E21-8A10-DB39CFF52470}.Debug|Any CPU.Build.0 = Debug|Any CPU
		{EC9C4BF7-BB78-4E21-8A10-DB39CFF52470}.Release|Any CPU.ActiveCfg = Release|Any CPU
		{EC9C4BF7-BB78-4E21-8A10-DB39CFF52470}.Release|Any CPU.Build.0 = Release|Any CPU
		{C8FEEA47-5014-430F-864E-DBDD008DE8CF}.Debug|Any CPU.ActiveCfg = Debug|Any CPU
		{C8FEEA47-5014-430F-864E-DBDD008DE8CF}.Debug|Any CPU.Build.0 = Debug|Any CPU
		{C8FEEA47-5014-430F-864E-DBDD008DE8CF}.Release|Any CPU.ActiveCfg = Release|Any CPU
		{C8FEEA47-5014-430F-864E-DBDD008DE8CF}.Release|Any CPU.Build.0 = Release|Any CPU
		{A9C60B4A-7DAF-46C9-B269-68FE17176832}.Debug|Any CPU.ActiveCfg = Debug|Any CPU
		{A9C60B4A-7DAF-46C9-B269-68FE17176832}.Debug|Any CPU.Build.0 = Debug|Any CPU
		{A9C60B4A-7DAF-46C9-B269-68FE17176832}.Release|Any CPU.ActiveCfg = Release|Any CPU
		{A9C60B4A-7DAF-46C9-B269-68FE17176832}.Release|Any CPU.Build.0 = Release|Any CPU
		{82EA8EF2-8719-45BB-BAF6-36603A07E0C6}.Debug|Any CPU.ActiveCfg = Debug|Any CPU
		{82EA8EF2-8719-45BB-BAF6-36603A07E0C6}.Debug|Any CPU.Build.0 = Debug|Any CPU
		{82EA8EF2-8719-45BB-BAF6-36603A07E0C6}.Release|Any CPU.ActiveCfg = Release|Any CPU
		{82EA8EF2-8719-45BB-BAF6-36603A07E0C6}.Release|Any CPU.Build.0 = Release|Any CPU
		{F7D41CB5-F9DE-4355-807C-295759398C17}.Debug|Any CPU.ActiveCfg = Debug|Any CPU
		{F7D41CB5-F9DE-4355-807C-295759398C17}.Debug|Any CPU.Build.0 = Debug|Any CPU
		{F7D41CB5-F9DE-4355-807C-295759398C17}.Release|Any CPU.ActiveCfg = Release|Any CPU
		{F7D41CB5-F9DE-4355-807C-295759398C17}.Release|Any CPU.Build.0 = Release|Any CPU
		{D4DF1511-E954-4389-A8E5-079D37A02361}.Debug|Any CPU.ActiveCfg = Debug|Any CPU
		{D4DF1511-E954-4389-A8E5-079D37A02361}.Debug|Any CPU.Build.0 = Debug|Any CPU
		{D4DF1511-E954-4389-A8E5-079D37A02361}.Release|Any CPU.ActiveCfg = Release|Any CPU
		{D4DF1511-E954-4389-A8E5-079D37A02361}.Release|Any CPU.Build.0 = Release|Any CPU
		{86F0A4AE-1933-4832-94FF-F0F6C2A82B61}.Debug|Any CPU.ActiveCfg = Debug|Any CPU
		{86F0A4AE-1933-4832-94FF-F0F6C2A82B61}.Debug|Any CPU.Build.0 = Debug|Any CPU
		{86F0A4AE-1933-4832-94FF-F0F6C2A82B61}.Release|Any CPU.ActiveCfg = Release|Any CPU
		{86F0A4AE-1933-4832-94FF-F0F6C2A82B61}.Release|Any CPU.Build.0 = Release|Any CPU
		{DE3114E7-7848-4940-95FA-4B9BD8432898}.Debug|Any CPU.ActiveCfg = Debug|Any CPU
		{DE3114E7-7848-4940-95FA-4B9BD8432898}.Debug|Any CPU.Build.0 = Debug|Any CPU
		{DE3114E7-7848-4940-95FA-4B9BD8432898}.Release|Any CPU.ActiveCfg = Release|Any CPU
		{DE3114E7-7848-4940-95FA-4B9BD8432898}.Release|Any CPU.Build.0 = Release|Any CPU
		{CA56658A-CDC1-4964-A35D-CAC54F16D2F4}.Debug|Any CPU.ActiveCfg = Debug|Any CPU
		{CA56658A-CDC1-4964-A35D-CAC54F16D2F4}.Debug|Any CPU.Build.0 = Debug|Any CPU
		{CA56658A-CDC1-4964-A35D-CAC54F16D2F4}.Release|Any CPU.ActiveCfg = Release|Any CPU
		{CA56658A-CDC1-4964-A35D-CAC54F16D2F4}.Release|Any CPU.Build.0 = Release|Any CPU
		{F293EBBC-6951-430A-BFB9-31DFFA715B02}.Debug|Any CPU.ActiveCfg = Debug|Any CPU
		{F293EBBC-6951-430A-BFB9-31DFFA715B02}.Debug|Any CPU.Build.0 = Debug|Any CPU
		{F293EBBC-6951-430A-BFB9-31DFFA715B02}.Release|Any CPU.ActiveCfg = Release|Any CPU
		{F293EBBC-6951-430A-BFB9-31DFFA715B02}.Release|Any CPU.Build.0 = Release|Any CPU
		{E8FC7B06-9F00-4CAB-95C7-20C9382BDEB6}.Debug|Any CPU.ActiveCfg = Debug|Any CPU
		{E8FC7B06-9F00-4CAB-95C7-20C9382BDEB6}.Debug|Any CPU.Build.0 = Debug|Any CPU
		{E8FC7B06-9F00-4CAB-95C7-20C9382BDEB6}.Release|Any CPU.ActiveCfg = Release|Any CPU
		{E8FC7B06-9F00-4CAB-95C7-20C9382BDEB6}.Release|Any CPU.Build.0 = Release|Any CPU
		{85B77D41-1460-4E93-9B0C-D6E0BE3BEEA7}.Debug|Any CPU.ActiveCfg = Debug|Any CPU
		{85B77D41-1460-4E93-9B0C-D6E0BE3BEEA7}.Debug|Any CPU.Build.0 = Debug|Any CPU
		{85B77D41-1460-4E93-9B0C-D6E0BE3BEEA7}.Release|Any CPU.ActiveCfg = Release|Any CPU
		{85B77D41-1460-4E93-9B0C-D6E0BE3BEEA7}.Release|Any CPU.Build.0 = Release|Any CPU
		{8BCEBFB4-08B0-4947-A1A5-42F948016024}.Debug|Any CPU.ActiveCfg = Debug|Any CPU
		{8BCEBFB4-08B0-4947-A1A5-42F948016024}.Debug|Any CPU.Build.0 = Debug|Any CPU
		{8BCEBFB4-08B0-4947-A1A5-42F948016024}.Release|Any CPU.ActiveCfg = Release|Any CPU
		{8BCEBFB4-08B0-4947-A1A5-42F948016024}.Release|Any CPU.Build.0 = Release|Any CPU
		{4E1ACFB9-A2F9-42C3-80DD-C01B00EC6CAC}.Debug|Any CPU.ActiveCfg = Debug|Any CPU
		{4E1ACFB9-A2F9-42C3-80DD-C01B00EC6CAC}.Debug|Any CPU.Build.0 = Debug|Any CPU
		{4E1ACFB9-A2F9-42C3-80DD-C01B00EC6CAC}.Release|Any CPU.ActiveCfg = Release|Any CPU
		{4E1ACFB9-A2F9-42C3-80DD-C01B00EC6CAC}.Release|Any CPU.Build.0 = Release|Any CPU
		{4C4A4C27-503B-4B7C-906B-2260BC5212E2}.Debug|Any CPU.ActiveCfg = Debug|Any CPU
		{4C4A4C27-503B-4B7C-906B-2260BC5212E2}.Debug|Any CPU.Build.0 = Debug|Any CPU
		{4C4A4C27-503B-4B7C-906B-2260BC5212E2}.Release|Any CPU.ActiveCfg = Release|Any CPU
		{4C4A4C27-503B-4B7C-906B-2260BC5212E2}.Release|Any CPU.Build.0 = Release|Any CPU
		{5234AF5A-750A-4BD4-98E5-457F6897F369}.Debug|Any CPU.ActiveCfg = Debug|Any CPU
		{5234AF5A-750A-4BD4-98E5-457F6897F369}.Debug|Any CPU.Build.0 = Debug|Any CPU
		{5234AF5A-750A-4BD4-98E5-457F6897F369}.Release|Any CPU.ActiveCfg = Release|Any CPU
		{5234AF5A-750A-4BD4-98E5-457F6897F369}.Release|Any CPU.Build.0 = Release|Any CPU
		{3C8514DF-A62A-40CC-809F-AAB7F07963E0}.Debug|Any CPU.ActiveCfg = Debug|Any CPU
		{3C8514DF-A62A-40CC-809F-AAB7F07963E0}.Debug|Any CPU.Build.0 = Debug|Any CPU
		{3C8514DF-A62A-40CC-809F-AAB7F07963E0}.Release|Any CPU.ActiveCfg = Release|Any CPU
		{3C8514DF-A62A-40CC-809F-AAB7F07963E0}.Release|Any CPU.Build.0 = Release|Any CPU
		{112B518A-576F-49EA-8DB0-CC4190E107AA}.Debug|Any CPU.ActiveCfg = Debug|Any CPU
		{112B518A-576F-49EA-8DB0-CC4190E107AA}.Debug|Any CPU.Build.0 = Debug|Any CPU
		{112B518A-576F-49EA-8DB0-CC4190E107AA}.Release|Any CPU.ActiveCfg = Release|Any CPU
		{112B518A-576F-49EA-8DB0-CC4190E107AA}.Release|Any CPU.Build.0 = Release|Any CPU
		{AFCC2A78-54CC-4CED-BF0F-5DB4FDFF1EEB}.Debug|Any CPU.ActiveCfg = Debug|Any CPU
		{AFCC2A78-54CC-4CED-BF0F-5DB4FDFF1EEB}.Debug|Any CPU.Build.0 = Debug|Any CPU
		{AFCC2A78-54CC-4CED-BF0F-5DB4FDFF1EEB}.Release|Any CPU.ActiveCfg = Release|Any CPU
		{AFCC2A78-54CC-4CED-BF0F-5DB4FDFF1EEB}.Release|Any CPU.Build.0 = Release|Any CPU
		{31A2EA80-9433-4542-9310-99AEE38D85BE}.Debug|Any CPU.ActiveCfg = Debug|Any CPU
		{31A2EA80-9433-4542-9310-99AEE38D85BE}.Debug|Any CPU.Build.0 = Debug|Any CPU
		{31A2EA80-9433-4542-9310-99AEE38D85BE}.Release|Any CPU.ActiveCfg = Release|Any CPU
		{31A2EA80-9433-4542-9310-99AEE38D85BE}.Release|Any CPU.Build.0 = Release|Any CPU
		{F37DACA1-7EB1-4A2D-ACB5-1636B5994AF4}.Debug|Any CPU.ActiveCfg = Debug|Any CPU
		{F37DACA1-7EB1-4A2D-ACB5-1636B5994AF4}.Debug|Any CPU.Build.0 = Debug|Any CPU
		{F37DACA1-7EB1-4A2D-ACB5-1636B5994AF4}.Release|Any CPU.ActiveCfg = Release|Any CPU
		{F37DACA1-7EB1-4A2D-ACB5-1636B5994AF4}.Release|Any CPU.Build.0 = Release|Any CPU
		{9E667A0B-1690-4742-B26C-2EE2B00D6F2D}.Debug|Any CPU.ActiveCfg = Debug|Any CPU
		{9E667A0B-1690-4742-B26C-2EE2B00D6F2D}.Debug|Any CPU.Build.0 = Debug|Any CPU
		{9E667A0B-1690-4742-B26C-2EE2B00D6F2D}.Release|Any CPU.ActiveCfg = Release|Any CPU
		{9E667A0B-1690-4742-B26C-2EE2B00D6F2D}.Release|Any CPU.Build.0 = Release|Any CPU
		{6C09E41C-28E4-4859-9CAB-7D2C96453BFC}.Debug|Any CPU.ActiveCfg = Debug|Any CPU
		{6C09E41C-28E4-4859-9CAB-7D2C96453BFC}.Debug|Any CPU.Build.0 = Debug|Any CPU
		{6C09E41C-28E4-4859-9CAB-7D2C96453BFC}.Release|Any CPU.ActiveCfg = Release|Any CPU
		{6C09E41C-28E4-4859-9CAB-7D2C96453BFC}.Release|Any CPU.Build.0 = Release|Any CPU
	EndGlobalSection
	GlobalSection(SolutionProperties) = preSolution
		HideSolutionNode = FALSE
	EndGlobalSection
	GlobalSection(ExtensibilityGlobals) = postSolution
		SolutionGuid = {983829CA-9D59-4A43-8548-17D0429D41FE}
	EndGlobalSection
EndGlobal
